
Microsoft Visual Studio Solution File, Format Version 12.00
# Visual Studio 2013
VisualStudioVersion = 12.0.21005.1
MinimumVisualStudioVersion = 10.0.40219.1
Project("{8BC9CEB8-8B4A-11D0-8D11-00A0C91BC942}") = "aPExam", "aPExam\aPExam.vcxproj", "{BB2337EA-B6F0-49C5-AC3C-BB549F94B645}"
EndProject
Project("{2150E333-8FDC-42A3-9474-1A3956D46DE8}") = "Solution Items", "Solution Items", "{69D35B48-81FC-4AE6-B59F-14BB5DDE3C5E}"
EndProject
Global
	GlobalSection(SolutionConfigurationPlatforms) = preSolution
		Debug|Win32 = Debug|Win32
		Release|Win32 = Release|Win32
	EndGlobalSection
	GlobalSection(ProjectConfigurationPlatforms) = postSolution
		{BB2337EA-B6F0-49C5-AC3C-BB549F94B645}.Debug|Win32.ActiveCfg = Debug|Win32
		{BB2337EA-B6F0-49C5-AC3C-BB549F94B645}.Debug|Win32.Build.0 = Debug|Win32
		{BB2337EA-B6F0-49C5-AC3C-BB549F94B645}.Release|Win32.ActiveCfg = Release|Win32
		{BB2337EA-B6F0-49C5-AC3C-BB549F94B645}.Release|Win32.Build.0 = Release|Win32
	EndGlobalSection
	GlobalSection(SolutionProperties) = preSolution
		HideSolutionNode = FALSE
	EndGlobalSection
EndGlobal
